
Microsoft Visual Studio Solution File, Format Version 12.00
# Visual Studio Version 17
VisualStudioVersion = 17.0.31903.59
MinimumVisualStudioVersion = 10.0.40219.1
Project("{2150E333-8FDC-42A3-9474-1A3956D46DE8}") = "src", "src", "{F073897C-4717-4804-9B6A-BE9355B09E37}"
EndProject
Project("{FAE04EC0-301F-11D3-BF4B-00C04F79EFBC}") = "AuctionService", "src\AuctionService\AuctionService.csproj", "{1E5FCF08-A518-4587-AA27-DF63C3D595B5}"
EndProject
Project("{FAE04EC0-301F-11D3-BF4B-00C04F79EFBC}") = "SearchService", "src\SearchService\SearchService.csproj", "{163703D0-5ADE-4E27-B865-68C7D5D34C57}"
EndProject
Project("{FAE04EC0-301F-11D3-BF4B-00C04F79EFBC}") = "Contracts", "src\Contracts\Contracts.csproj", "{2C72C8D7-00F2-42D6-A0A8-6F24DEAC4DAF}"
EndProject
Project("{FAE04EC0-301F-11D3-BF4B-00C04F79EFBC}") = "IdentityService", "src\IdentityService\IdentityService.csproj", "{5560B249-5270-4B58-9DF9-7A31BDD1AB46}"
EndProject
Project("{FAE04EC0-301F-11D3-BF4B-00C04F79EFBC}") = "GatewayService", "src\GatewayService\GatewayService.csproj", "{8A439A7D-B0B2-45A1-98F2-07820DE3056E}"
EndProject
Project("{2150E333-8FDC-42A3-9474-1A3956D46DE8}") = "tests", "tests", "{961CA662-0CB9-4709-9FB6-4D73BD24755C}"
EndProject
Project("{FAE04EC0-301F-11D3-BF4B-00C04F79EFBC}") = "AuctionService.UnitTests", "tests\AuctionService.UnitTests\AuctionService.UnitTests.csproj", "{4B0F14EB-8098-439B-A566-2E4A1EAE7C26}"
EndProject
Project("{FAE04EC0-301F-11D3-BF4B-00C04F79EFBC}") = "AuctionService.IntegrationTests", "tests\AuctionService.IntegrationTests\AuctionService.IntegrationTests.csproj", "{E7FE2668-253F-4506-8675-4076886C94F1}"
EndProject
Global
	GlobalSection(SolutionConfigurationPlatforms) = preSolution
		Debug|Any CPU = Debug|Any CPU
		Release|Any CPU = Release|Any CPU
	EndGlobalSection
	GlobalSection(SolutionProperties) = preSolution
		HideSolutionNode = FALSE
	EndGlobalSection
	GlobalSection(ProjectConfigurationPlatforms) = postSolution
		{1E5FCF08-A518-4587-AA27-DF63C3D595B5}.Debug|Any CPU.ActiveCfg = Debug|Any CPU
		{1E5FCF08-A518-4587-AA27-DF63C3D595B5}.Debug|Any CPU.Build.0 = Debug|Any CPU
		{1E5FCF08-A518-4587-AA27-DF63C3D595B5}.Release|Any CPU.ActiveCfg = Release|Any CPU
		{1E5FCF08-A518-4587-AA27-DF63C3D595B5}.Release|Any CPU.Build.0 = Release|Any CPU
		{163703D0-5ADE-4E27-B865-68C7D5D34C57}.Debug|Any CPU.ActiveCfg = Debug|Any CPU
		{163703D0-5ADE-4E27-B865-68C7D5D34C57}.Debug|Any CPU.Build.0 = Debug|Any CPU
		{163703D0-5ADE-4E27-B865-68C7D5D34C57}.Release|Any CPU.ActiveCfg = Release|Any CPU
		{163703D0-5ADE-4E27-B865-68C7D5D34C57}.Release|Any CPU.Build.0 = Release|Any CPU
		{2C72C8D7-00F2-42D6-A0A8-6F24DEAC4DAF}.Debug|Any CPU.ActiveCfg = Debug|Any CPU
		{2C72C8D7-00F2-42D6-A0A8-6F24DEAC4DAF}.Debug|Any CPU.Build.0 = Debug|Any CPU
		{2C72C8D7-00F2-42D6-A0A8-6F24DEAC4DAF}.Release|Any CPU.ActiveCfg = Release|Any CPU
		{2C72C8D7-00F2-42D6-A0A8-6F24DEAC4DAF}.Release|Any CPU.Build.0 = Release|Any CPU
		{5560B249-5270-4B58-9DF9-7A31BDD1AB46}.Debug|Any CPU.ActiveCfg = Debug|Any CPU
		{5560B249-5270-4B58-9DF9-7A31BDD1AB46}.Debug|Any CPU.Build.0 = Debug|Any CPU
		{5560B249-5270-4B58-9DF9-7A31BDD1AB46}.Release|Any CPU.ActiveCfg = Release|Any CPU
		{5560B249-5270-4B58-9DF9-7A31BDD1AB46}.Release|Any CPU.Build.0 = Release|Any CPU
		{8A439A7D-B0B2-45A1-98F2-07820DE3056E}.Debug|Any CPU.ActiveCfg = Debug|Any CPU
		{8A439A7D-B0B2-45A1-98F2-07820DE3056E}.Debug|Any CPU.Build.0 = Debug|Any CPU
		{8A439A7D-B0B2-45A1-98F2-07820DE3056E}.Release|Any CPU.ActiveCfg = Release|Any CPU
		{8A439A7D-B0B2-45A1-98F2-07820DE3056E}.Release|Any CPU.Build.0 = Release|Any CPU
		{4B0F14EB-8098-439B-A566-2E4A1EAE7C26}.Debug|Any CPU.ActiveCfg = Debug|Any CPU
		{4B0F14EB-8098-439B-A566-2E4A1EAE7C26}.Debug|Any CPU.Build.0 = Debug|Any CPU
		{4B0F14EB-8098-439B-A566-2E4A1EAE7C26}.Release|Any CPU.ActiveCfg = Release|Any CPU
		{4B0F14EB-8098-439B-A566-2E4A1EAE7C26}.Release|Any CPU.Build.0 = Release|Any CPU
		{E7FE2668-253F-4506-8675-4076886C94F1}.Debug|Any CPU.ActiveCfg = Debug|Any CPU
		{E7FE2668-253F-4506-8675-4076886C94F1}.Debug|Any CPU.Build.0 = Debug|Any CPU
		{E7FE2668-253F-4506-8675-4076886C94F1}.Release|Any CPU.ActiveCfg = Release|Any CPU
		{E7FE2668-253F-4506-8675-4076886C94F1}.Release|Any CPU.Build.0 = Release|Any CPU
	EndGlobalSection
	GlobalSection(NestedProjects) = preSolution
		{1E5FCF08-A518-4587-AA27-DF63C3D595B5} = {F073897C-4717-4804-9B6A-BE9355B09E37}
		{163703D0-5ADE-4E27-B865-68C7D5D34C57} = {F073897C-4717-4804-9B6A-BE9355B09E37}
		{2C72C8D7-00F2-42D6-A0A8-6F24DEAC4DAF} = {F073897C-4717-4804-9B6A-BE9355B09E37}
		{5560B249-5270-4B58-9DF9-7A31BDD1AB46} = {F073897C-4717-4804-9B6A-BE9355B09E37}
		{8A439A7D-B0B2-45A1-98F2-07820DE3056E} = {F073897C-4717-4804-9B6A-BE9355B09E37}
		{4B0F14EB-8098-439B-A566-2E4A1EAE7C26} = {961CA662-0CB9-4709-9FB6-4D73BD24755C}
		{E7FE2668-253F-4506-8675-4076886C94F1} = {961CA662-0CB9-4709-9FB6-4D73BD24755C}
	EndGlobalSection
EndGlobal
